{
  "lockfileVersion": 1,
  "configVersion": 1,
  "workspaces": {
    "": {
      "dependencies": {
        "@babel/parser": "^7.29.2",
        "@swc/core": "^1.15.24",
        "acorn": "^8.16.0",
        "chart.js": "^4.5.1",
        "chartjs-node-canvas": "^5.0.0",
        "hermes-parser": "^0.34.0",
        "oxc-parser": "^0.124.0",
        "tinybench": "^6.0.0",
        "yuku-parser": "^0.4.1",
      },
      "devDependencies": {
        "@types/bun": "latest",
        "@types/node": "^25.5.2",
        "@typescript/native-preview": "^7.0.0-dev.20260407.1",
      },
      "peerDependencies": {
        "typescript": "^5",
      },
    },
  },
  "packages": {
    "@babel/helper-string-parser": ["@babel/helper-string-parser@7.27.1", "", {}, "sha512-qMlSxKbpRlAridDExk92nSobyDdpPijUq2DW6oDnUqd0iOGxmQjyqhMIihI9+zv4LPyZdRje2cavWPbCbWm3eA=="],

    "@babel/helper-validator-identifier": ["@babel/helper-validator-identifier@7.28.5", "", {}, "sha512-qSs4ifwzKJSV39ucNjsvc6WVHs6b7S03sOh2OcHF9UHfVPqWWALUsNUVzhSBiItjRZoLHx7nIarVjqKVusUZ1Q=="],

    "@babel/parser": ["@babel/parser@7.29.2", "", { "dependencies": { "@babel/types": "^7.29.0" }, "bin": "./bin/babel-parser.js" }, "sha512-4GgRzy/+fsBa72/RZVJmGKPmZu9Byn8o4MoLpmNe1m8ZfYnz5emHLQz3U4gLud6Zwl0RZIcgiLD7Uq7ySFuDLA=="],

    "@babel/types": ["@babel/types@7.29.0", "", { "dependencies": { "@babel/helper-string-parser": "^7.27.1", "@babel/helper-validator-identifier": "^7.28.5" } }, "sha512-LwdZHpScM4Qz8Xw2iKSzS+cfglZzJGvofQICy7W7v4caru4EaAmyUuO6BGrbyQ2mYV11W0U8j5mBhd14dd3B0A=="],

    "@emnapi/core": ["@emnapi/core@1.9.2", "", { "dependencies": { "@emnapi/wasi-threads": "1.2.1", "tslib": "^2.4.0" } }, "sha512-UC+ZhH3XtczQYfOlu3lNEkdW/p4dsJ1r/bP7H8+rhao3TTTMO1ATq/4DdIi23XuGoFY+Cz0JmCbdVl0hz9jZcA=="],

    "@emnapi/runtime": ["@emnapi/runtime@1.9.2", "", { "dependencies": { "tslib": "^2.4.0" } }, "sha512-3U4+MIWHImeyu1wnmVygh5WlgfYDtyf0k8AbLhMFxOipihf6nrWC4syIm/SwEeec0mNSafiiNnMJwbza/Is6Lw=="],

    "@emnapi/wasi-threads": ["@emnapi/wasi-threads@1.2.1", "", { "dependencies": { "tslib": "^2.4.0" } }, "sha512-uTII7OYF+/Mes/MrcIOYp5yOtSMLBWSIoLPpcgwipoiKbli6k322tcoFsxoIIxPDqW01SQGAgko4EzZi2BNv2w=="],

    "@kurkle/color": ["@kurkle/color@0.3.4", "", {}, "sha512-M5UknZPHRu3DEDWoipU6sE8PdkZ6Z/S+v4dD+Ke8IaNlpdSQah50lz1KtcFBa2vsdOnwbbnxJwVM4wty6udA5w=="],

    "@napi-rs/wasm-runtime": ["@napi-rs/wasm-runtime@1.1.2", "", { "dependencies": { "@tybys/wasm-util": "^0.10.1" }, "peerDependencies": { "@emnapi/core": "^1.7.1", "@emnapi/runtime": "^1.7.1" } }, "sha512-sNXv5oLJ7ob93xkZ1XnxisYhGYXfaG9f65/ZgYuAu3qt7b3NadcOEhLvx28hv31PgX8SZJRYrAIPQilQmFpLVw=="],

    "@oxc-parser/binding-android-arm-eabi": ["@oxc-parser/binding-android-arm-eabi@0.124.0", "", { "os": "android", "cpu": "arm" }, "sha512-+R9zCafSL8ovjokdPtorUp3sXrh8zQ2AC2L0ivXNvlLR0WS+5WdPkNVrnENq5UvzagM4Xgl0NPsJKz3Hv9+y8g=="],

    "@oxc-parser/binding-android-arm64": ["@oxc-parser/binding-android-arm64@0.124.0", "", { "os": "android", "cpu": "arm64" }, "sha512-ULHC/gVZ+nP4pd3kNNQTYaQ/e066BW/KuY5qUsvwkVWwOUQGDg+WpfyVOmQ4xfxoue6cMlkKkJ+ntdzfDXpNlg=="],

    "@oxc-parser/binding-darwin-arm64": ["@oxc-parser/binding-darwin-arm64@0.124.0", "", { "os": "darwin", "cpu": "arm64" }, "sha512-fGJ2hw7bnbUYn6UvTjp0m4WJ9zXz3cohgcwcgeo7gUZehpPNpvcVEVeIVHNmHnAuAw/ysf4YJR8DA1E+xCA4Lw=="],

    "@oxc-parser/binding-darwin-x64": ["@oxc-parser/binding-darwin-x64@0.124.0", "", { "os": "darwin", "cpu": "x64" }, "sha512-j0+re9pgps5BH2Tk3fm59Hi3QuLP3C4KhqXi6A+wRHHHJWDFR8mc/KI9mBrfk2JRT+15doGo+zv1eN75/9DuOw=="],

    "@oxc-parser/binding-freebsd-x64": ["@oxc-parser/binding-freebsd-x64@0.124.0", "", { "os": "freebsd", "cpu": "x64" }, "sha512-0k5mS0npnrhKy72UfF51lpOZ2ESoPWn6gdFw+RdeRWcokraDW1O2kSx3laQ+yk7cCEavQdJSpWCYS/GvBbUCXQ=="],

    "@oxc-parser/binding-linux-arm-gnueabihf": ["@oxc-parser/binding-linux-arm-gnueabihf@0.124.0", "", { "os": "linux", "cpu": "arm" }, "sha512-P/i4eguRWvAUfGdfhQYg1jpwYkyUV6D3gefIH7HhmRl1Ph6P4IqTIEVcyJr1i/3vr1V5OHU4wonH6/ue/Qzvrw=="],

    "@oxc-parser/binding-linux-arm-musleabihf": ["@oxc-parser/binding-linux-arm-musleabihf@0.124.0", "", { "os": "linux", "cpu": "arm" }, "sha512-/ameqFQH5fFP+66Atr8Ynv/2rYe4utcU7L4MoWS5JtrFLVO78g4qDLavyIlJxa6caSwYOvG/eO3c/DXqY5/6Rw=="],

    "@oxc-parser/binding-linux-arm64-gnu": ["@oxc-parser/binding-linux-arm64-gnu@0.124.0", "", { "os": "linux", "cpu": "arm64" }, "sha512-gNeyEcXTtfrRCbj2EfxWU85Fs0wIX3p44Y3twnvuMfkWlLrb9M1Z25AYNSKjJM+fdAjeeQCjw0on47zFuBYwQw=="],

    "@oxc-parser/binding-linux-arm64-musl": ["@oxc-parser/binding-linux-arm64-musl@0.124.0", "", { "os": "linux", "cpu": "arm64" }, "sha512-uvG7v4Tz9S8/PVqY0SP0DLHxo4hZGe+Pv2tGVnwcsjKCCUPjplbrFVvDzXq+kOaEoUkiCY0Kt1hlZ6FDJ1LKNQ=="],

    "@oxc-parser/binding-linux-ppc64-gnu": ["@oxc-parser/binding-linux-ppc64-gnu@0.124.0", "", { "os": "linux", "cpu": "ppc64" }, "sha512-t7KZaaUhfp2au0MRpoENEFqwLKYDdptEry6V7pTAVdPEcFG4P6ii8yeGU9m6p5vb+b8WEKmdpGMNXBEYy7iJdw=="],

    "@oxc-parser/binding-linux-riscv64-gnu": ["@oxc-parser/binding-linux-riscv64-gnu@0.124.0", "", { "os": "linux", "cpu": "none" }, "sha512-eurGGaxHZiIQ+fBSageS8TAkRqZgdOiBeqNrWAqAPup9hXBTmQ0WcBjwsLElf+3jvDL9NhnX0dOgOqPfsjSjdg=="],

    "@oxc-parser/binding-linux-riscv64-musl": ["@oxc-parser/binding-linux-riscv64-musl@0.124.0", "", { "os": "linux", "cpu": "none" }, "sha512-d1V7/ll1i/LhqE/gZy6Wbz6evlk0egh2XKkwMI3epiojtbtUwQSLIER0Y3yDBBocPuWOjJdvmjtEmPTTLXje/w=="],

    "@oxc-parser/binding-linux-s390x-gnu": ["@oxc-parser/binding-linux-s390x-gnu@0.124.0", "", { "os": "linux", "cpu": "s390x" }, "sha512-w1+cBvriUteOpox6ATqCFVkpGL47PFdcfCPGmgUZbd78Fw44U0gQkc+kVGvAOTvGrptMYgwomD1c6OTVvkrpGg=="],

    "@oxc-parser/binding-linux-x64-gnu": ["@oxc-parser/binding-linux-x64-gnu@0.124.0", "", { "os": "linux", "cpu": "x64" }, "sha512-RRB1evQiXRtMCsQQiAh9U0H3HzguLpE0ytfStuhRgmOj7tqUCOVxkHsvM9geZjAax6NqVRj7VXx32qjjkZPsBw=="],

    "@oxc-parser/binding-linux-x64-musl": ["@oxc-parser/binding-linux-x64-musl@0.124.0", "", { "os": "linux", "cpu": "x64" }, "sha512-asVYN0qmSHlCU8H9Q47SmeJ/Z5EG4IWCC+QGxkfFboI5qh15aLlJnHmnrV61MwQRPXGnVC/sC3qKhrUyqGxUqw=="],

    "@oxc-parser/binding-openharmony-arm64": ["@oxc-parser/binding-openharmony-arm64@0.124.0", "", { "os": "none", "cpu": "arm64" }, "sha512-nhwuxm6B8pn9lzAzMUfa571L5hCXYwQo8C8cx5aGOuHWCzruR8gPJnRRXGBci+uGaIIQEZDyU/U6HDgrSp/JlQ=="],

    "@oxc-parser/binding-wasm32-wasi": ["@oxc-parser/binding-wasm32-wasi@0.124.0", "", { "dependencies": { "@napi-rs/wasm-runtime": "^1.1.2" }, "cpu": "none" }, "sha512-LWuq4Dl9tff7n+HjJcqoBjDlVCtruc0shgtdtGM+rTUIE9aFxHA/P+wCYR+aWMjN8m9vNaRME/sKXErmhmeKrA=="],

    "@oxc-parser/binding-win32-arm64-msvc": ["@oxc-parser/binding-win32-arm64-msvc@0.124.0", "", { "os": "win32", "cpu": "arm64" }, "sha512-aOh3Lf3AeH0dgzT4yBXcArFZ8VhqNXwZ/xlN0GqBtgVaGoHOOqL2YHlcVIgT+ghsXPVR2PTtYgBiQ1CNK7jp5A=="],

    "@oxc-parser/binding-win32-ia32-msvc": ["@oxc-parser/binding-win32-ia32-msvc@0.124.0", "", { "os": "win32", "cpu": "ia32" }, "sha512-sib5xC0nz/+SCpaETBuHBz4SXS02KuG5HtyOcHsO/SK5ZvLRGhOZx0elDKawjb6adFkD7dQCqpXUS25wY6ELKQ=="],

    "@oxc-parser/binding-win32-x64-msvc": ["@oxc-parser/binding-win32-x64-msvc@0.124.0", "", { "os": "win32", "cpu": "x64" }, "sha512-UgojtjGUgZgAZQYt7SC6VO65OVdxEkRe2q+2vbHJO//18qw3Hrk6UvHGQKldsQKgbVcIBT/YBrt85YberiYIPQ=="],

    "@oxc-project/types": ["@oxc-project/types@0.124.0", "", {}, "sha512-VBFWMTBvHxS11Z5Lvlr3IWgrwhMTXV+Md+EQF0Xf60+wAdsGFTBx7X7K/hP4pi8N7dcm1RvcHwDxZ16Qx8keUg=="],

    "@swc/core": ["@swc/core@1.15.24", "", { "dependencies": { "@swc/counter": "^0.1.3", "@swc/types": "^0.1.26" }, "optionalDependencies": { "@swc/core-darwin-arm64": "1.15.24", "@swc/core-darwin-x64": "1.15.24", "@swc/core-linux-arm-gnueabihf": "1.15.24", "@swc/core-linux-arm64-gnu": "1.15.24", "@swc/core-linux-arm64-musl": "1.15.24", "@swc/core-linux-ppc64-gnu": "1.15.24", "@swc/core-linux-s390x-gnu": "1.15.24", "@swc/core-linux-x64-gnu": "1.15.24", "@swc/core-linux-x64-musl": "1.15.24", "@swc/core-win32-arm64-msvc": "1.15.24", "@swc/core-win32-ia32-msvc": "1.15.24", "@swc/core-win32-x64-msvc": "1.15.24" }, "peerDependencies": { "@swc/helpers": ">=0.5.17" }, "optionalPeers": ["@swc/helpers"] }, "sha512-5Hj8aNasue7yusUt8LGCUe/AjM7RMAce8ZoyDyiFwx7Al+GbYKL+yE7g4sJk8vEr1dKIkTRARkNIJENc4CjkBQ=="],

    "@swc/core-darwin-arm64": ["@swc/core-darwin-arm64@1.15.24", "", { "os": "darwin", "cpu": "arm64" }, "sha512-uM5ZGfFXjtvtJ+fe448PVBEbn/CSxS3UAyLj3O9xOqKIWy3S6hPTXSPbszxkSsGDYKi+YFhzAsR4r/eXLxEQ0g=="],

    "@swc/core-darwin-x64": ["@swc/core-darwin-x64@1.15.24", "", { "os": "darwin", "cpu": "x64" }, "sha512-fMIb/Zfn929pw25VMBhV7Ji2Dl+lCWtUPNdYJQYOke+00E5fcQ9ynxtP8+qhUo/HZc+mYQb1gJxwHM9vty+lXg=="],

    "@swc/core-linux-arm-gnueabihf": ["@swc/core-linux-arm-gnueabihf@1.15.24", "", { "os": "linux", "cpu": "arm" }, "sha512-vOkjsyjjxnoYx3hMEWcGxQrMgnNrRm6WAegBXrN8foHtDAR+zpdhpGF5a4lj1bNPgXAvmysjui8cM1ov/Clkaw=="],

    "@swc/core-linux-arm64-gnu": ["@swc/core-linux-arm64-gnu@1.15.24", "", { "os": "linux", "cpu": "arm64" }, "sha512-h/oNu+upkXJ6Cicnq7YGVj9PkdfarLCdQa8l/FlHYvfv8CEiMaeeTnpLU7gSBH/rGxosM6Qkfa/J9mThGF9CLA=="],

    "@swc/core-linux-arm64-musl": ["@swc/core-linux-arm64-musl@1.15.24", "", { "os": "linux", "cpu": "arm64" }, "sha512-ZpF/pRe1guk6sKzQI9D1jAORtjTdNlyeXn9GDz8ophof/w2WhojRblvSDJaGe7rJjcPN8AaOkhwdRUh7q8oYIg=="],

    "@swc/core-linux-ppc64-gnu": ["@swc/core-linux-ppc64-gnu@1.15.24", "", { "os": "linux", "cpu": "ppc64" }, "sha512-QZEsZfisHTSJlmyChgDFNmKPb3W6Lhbfo/O76HhIngfEdnQNmukS38/VSe1feho+xkV5A5hETyCbx3sALBZKAQ=="],

    "@swc/core-linux-s390x-gnu": ["@swc/core-linux-s390x-gnu@1.15.24", "", { "os": "linux", "cpu": "s390x" }, "sha512-DLdJKVsJgglqQrJBuoUYNmzm3leI7kUZhLbZGHv42onfKsGf6JDS3+bzCUQfte/XOqDjh/tmmn1DR/CF/tCJFw=="],

    "@swc/core-linux-x64-gnu": ["@swc/core-linux-x64-gnu@1.15.24", "", { "os": "linux", "cpu": "x64" }, "sha512-IpLYfposPA/XLxYOKpRfeccl1p5dDa3+okZDHHTchBkXEaVCnq5MADPmIWwIYj1tudt7hORsEHccG5no6IUQRw=="],

    "@swc/core-linux-x64-musl": ["@swc/core-linux-x64-musl@1.15.24", "", { "os": "linux", "cpu": "x64" }, "sha512-JHy3fMSc0t/EPWgo74+OK5TGr51aElnzqfUPaiRf2qJ/BfX5CUCfMiWVBuhI7qmVMBnk1jTRnL/xZnOSHDPLYg=="],

    "@swc/core-win32-arm64-msvc": ["@swc/core-win32-arm64-msvc@1.15.24", "", { "os": "win32", "cpu": "arm64" }, "sha512-Txj+qUH1z2bUd1P3JvwByfjKFti3cptlAxhWgmunBUUxy/IW3CXLZ6l6Gk4liANadKkU71nIU1X30Z5vpMT3BA=="],

    "@swc/core-win32-ia32-msvc": ["@swc/core-win32-ia32-msvc@1.15.24", "", { "os": "win32", "cpu": "ia32" }, "sha512-15D/nl3XwrhFpMv+MADFOiVwv3FvH9j8c6Rf8EXBT3Q5LoMh8YnDnSgPYqw1JzPnksvsBX6QPXLiPqmcR/Z4qQ=="],

    "@swc/core-win32-x64-msvc": ["@swc/core-win32-x64-msvc@1.15.24", "", { "os": "win32", "cpu": "x64" }, "sha512-PR0PlTlPra2JbaDphrOAzm6s0v9rA0F17YzB+XbWD95B4g2cWcZY9LAeTa4xll70VLw9Jr7xBrlohqlQmelMFQ=="],

    "@swc/counter": ["@swc/counter@0.1.3", "", {}, "sha512-e2BR4lsJkkRlKZ/qCHPw9ZaSxc0MVUd7gtbtaB7aMvHeJVYe8sOB8DBZkP2DtISHGSku9sCK6T6cnY0CtXrOCQ=="],

    "@swc/types": ["@swc/types@0.1.26", "", { "dependencies": { "@swc/counter": "^0.1.3" } }, "sha512-lyMwd7WGgG79RS7EERZV3T8wMdmPq3xwyg+1nmAM64kIhx5yl+juO2PYIHb7vTiPgPCj8LYjsNV2T5wiQHUEaw=="],

    "@tybys/wasm-util": ["@tybys/wasm-util@0.10.1", "", { "dependencies": { "tslib": "^2.4.0" } }, "sha512-9tTaPJLSiejZKx+Bmog4uSubteqTvFrVrURwkmHixBo0G4seD0zUxp98E1DzUBJxLQ3NPwXrGKDiVjwx/DpPsg=="],

    "@types/bun": ["@types/bun@1.3.11", "", { "dependencies": { "bun-types": "1.3.11" } }, "sha512-5vPne5QvtpjGpsGYXiFyycfpDF2ECyPcTSsFBMa0fraoxiQyMJ3SmuQIGhzPg2WJuWxVBoxWJ2kClYTcw/4fAg=="],

    "@types/node": ["@types/node@25.5.2", "", { "dependencies": { "undici-types": "~7.18.0" } }, "sha512-tO4ZIRKNC+MDWV4qKVZe3Ql/woTnmHDr5JD8UI5hn2pwBrHEwOEMZK7WlNb5RKB6EoJ02gwmQS9OrjuFnZYdpg=="],

    "@typescript/native-preview": ["@typescript/native-preview@7.0.0-dev.20260407.1", "", { "optionalDependencies": { "@typescript/native-preview-darwin-arm64": "7.0.0-dev.20260407.1", "@typescript/native-preview-darwin-x64": "7.0.0-dev.20260407.1", "@typescript/native-preview-linux-arm": "7.0.0-dev.20260407.1", "@typescript/native-preview-linux-arm64": "7.0.0-dev.20260407.1", "@typescript/native-preview-linux-x64": "7.0.0-dev.20260407.1", "@typescript/native-preview-win32-arm64": "7.0.0-dev.20260407.1", "@typescript/native-preview-win32-x64": "7.0.0-dev.20260407.1" }, "bin": { "tsgo": "bin/tsgo.js" } }, "sha512-gf1W3UbzVTDkZJuwhNtOcfQ6l3hpDcxuWh90ANlp/cKupmAqaXNGpT23YjTYqXsaI7RDQR7JUELCKeWbW9PJIg=="],

    "@typescript/native-preview-darwin-arm64": ["@typescript/native-preview-darwin-arm64@7.0.0-dev.20260407.1", "", { "os": "darwin", "cpu": "arm64" }, "sha512-akoBfxvDbULMWLqHPDBI5sRkhjQ0blX5+iG7GBoSstqJZW4P0nzd516COGs7xWHsu3apBhaBgSTMCFO78kG80w=="],

    "@typescript/native-preview-darwin-x64": ["@typescript/native-preview-darwin-x64@7.0.0-dev.20260407.1", "", { "os": "darwin", "cpu": "x64" }, "sha512-j/V5BS+tgcRFGQC+y95vZB78fI45UgobAEY1+NlFZ3Yih9ICKWRfJPcalpiP5vjiO2NgqVzcFfO9XbpJyq5TTA=="],

    "@typescript/native-preview-linux-arm": ["@typescript/native-preview-linux-arm@7.0.0-dev.20260407.1", "", { "os": "linux", "cpu": "arm" }, "sha512-ZDr+zQFSTPmLIGyXDWixYFeFtktWUDGAD6s65rTI5EJgyt4X5/kEMnNd04mf4PbN0ChSiTRzJYLzaM+JGo+jww=="],

    "@typescript/native-preview-linux-arm64": ["@typescript/native-preview-linux-arm64@7.0.0-dev.20260407.1", "", { "os": "linux", "cpu": "arm64" }, "sha512-QG0E0lmcZQZimvNltxyi5Q3Oz1pd0BdztS7K5T9HTs30E3TSeYHq7Csw3SbDfAVwcqs2HTe/AVqLy6ar+1zm3Q=="],

    "@typescript/native-preview-linux-x64": ["@typescript/native-preview-linux-x64@7.0.0-dev.20260407.1", "", { "os": "linux", "cpu": "x64" }, "sha512-a82yGx039yqZBS0dwKG8+kgeF2xVA7Pg6lL2SrswbaxWz3bXpI0ASX3HgUw+JMSIr4fbZ5ulKcaorPqbhc48/A=="],

    "@typescript/native-preview-win32-arm64": ["@typescript/native-preview-win32-arm64@7.0.0-dev.20260407.1", "", { "os": "win32", "cpu": "arm64" }, "sha512-e38ow5yqBrdiz4GunQCRk1E7cTtowpbXeAvVJf1wXrWbFqEc0D8BE7YPmTy9W2fOI0KFHUrsFg5h4Ad/TKVjug=="],

    "@typescript/native-preview-win32-x64": ["@typescript/native-preview-win32-x64@7.0.0-dev.20260407.1", "", { "os": "win32", "cpu": "x64" }, "sha512-1Jiij5NQOvlM72/DdfXzAVia1pdffgHiVgWZVmDwXECpzwQB0WwWfhI/0IddXP92Y9gVQFCGo9lypSAnamfGPA=="],

    "@yuku-parser/binding-darwin-arm64": ["@yuku-parser/binding-darwin-arm64@0.4.1", "", { "os": "darwin", "cpu": "arm64" }, "sha512-a1eee4vqQ0TZibBYHqTF7LTy9vliC4Y96r2CCXUpwW+kIeWXkFXA4hVko+R3wrHpD/s7htsGqhgFBwgbGDiTPQ=="],

    "@yuku-parser/binding-darwin-x64": ["@yuku-parser/binding-darwin-x64@0.4.1", "", { "os": "darwin", "cpu": "x64" }, "sha512-nc1jiO8CmQGxiKep6X7a8P4ATe15nhd0pucFeZwKQndfrZadGwMbPCLWiE/+Yu2yGIjAksA0c7hNVEQNjif8LQ=="],

    "@yuku-parser/binding-freebsd-x64": ["@yuku-parser/binding-freebsd-x64@0.4.1", "", { "os": "freebsd", "cpu": "x64" }, "sha512-poWkR/SNbpCTVgGSDYRXz28eAkC1g5sftvCR33JLPM/x0mbjQZLpjgyMr7A/uXyHTJj4cxMZvwyCVU5/8gAF1Q=="],

    "@yuku-parser/binding-linux-arm-gnu": ["@yuku-parser/binding-linux-arm-gnu@0.4.1", "", { "os": "linux", "cpu": "arm" }, "sha512-O2c+2ki0WQ2jhV9UPl/c9pJdBugXPfxOeNJwovlDCUZGYIvh0Xkd2F9oTu1XeekQAunwuwZI7kXYAL4hN4Z/EQ=="],

    "@yuku-parser/binding-linux-arm-musl": ["@yuku-parser/binding-linux-arm-musl@0.4.1", "", { "os": "linux", "cpu": "arm" }, "sha512-rdSU037Umsb6z6Kk7tiHhzRcFKZ7T28fOA3HI19Xd0KMq7cPXJMFhRoLkqIoDW+K18UI1jct6rDDLQyDveiX/g=="],

    "@yuku-parser/binding-linux-arm64-gnu": ["@yuku-parser/binding-linux-arm64-gnu@0.4.1", "", { "os": "linux", "cpu": "arm64" }, "sha512-EmZa8QlhzkBxaPsX2Yd46ZxwMLjrkTTNDPCbNjYn+FvvUgy8MQVAWIKY64qhVUaF6XwY4iabpnjjsqdY+jI11Q=="],

    "@yuku-parser/binding-linux-arm64-musl": ["@yuku-parser/binding-linux-arm64-musl@0.4.1", "", { "os": "linux", "cpu": "arm64" }, "sha512-ClmQlNTt0PWWL8RwSEKWk5m1zsOIMqlqx58gkSk57pDUE+36fg336qA4+BefwWuyTN62ceRj0GVPeUa3Gri12g=="],

    "@yuku-parser/binding-linux-x64-gnu": ["@yuku-parser/binding-linux-x64-gnu@0.4.1", "", { "os": "linux", "cpu": "x64" }, "sha512-bxl8fQN8se1uib/HA0F/48L780unXvdSQKHraZnNRt0j5NiO5i8rv5UZJfvjgS0SGM5ZK55BNoetmANLFbFVww=="],

    "@yuku-parser/binding-linux-x64-musl": ["@yuku-parser/binding-linux-x64-musl@0.4.1", "", { "os": "linux", "cpu": "x64" }, "sha512-6TMK0YBn33QplDXnwJoHLN4aT5OK+YzSJCmEESW9kEQ6XRxMzEw2RRvk+hIsvnWTeB2cl3CAjenypJXFvlWVjQ=="],

    "@yuku-parser/binding-win32-arm64": ["@yuku-parser/binding-win32-arm64@0.4.1", "", { "os": "win32", "cpu": "arm64" }, "sha512-4CYYKmLbu0trlRAqXt+/c2ZCzZiGDjqsCAa3JvpkSKoNBRQmbKg+NMRk9jrq3ouJjUcTUBGs/KJXoUploSnfsA=="],

    "@yuku-parser/binding-win32-x64": ["@yuku-parser/binding-win32-x64@0.4.1", "", { "os": "win32", "cpu": "x64" }, "sha512-GilsjiCUutCTZOqpWqvShD10wiPFSbTmopoE7dckkzrGnjoaVauZBQvVaXiQyjhRPD0AIcReuagiNDdU8rrHqA=="],

    "acorn": ["acorn@8.16.0", "", { "bin": { "acorn": "bin/acorn" } }, "sha512-UVJyE9MttOsBQIDKw1skb9nAwQuR5wuGD3+82K6JgJlm/Y+KI92oNsMNGZCYdDsVtRHSak0pcV5Dno5+4jh9sw=="],

    "base64-js": ["base64-js@1.5.1", "", {}, "sha512-AKpaYlHn8t4SVbOHCy+b5+KKgvR4vrsD8vbvrbiQJps7fKDTkjkDry6ji0rUJjC0kzbNePLwzxq8iypo41qeWA=="],

    "bl": ["bl@4.1.0", "", { "dependencies": { "buffer": "^5.5.0", "inherits": "^2.0.4", "readable-stream": "^3.4.0" } }, "sha512-1W07cM9gS6DcLperZfFSj+bWLtaPGSOHWhPiGzXmvVJbRLdG82sH/Kn8EtW1VqWVA54AKf2h5k5BbnIbwF3h6w=="],

    "buffer": ["buffer@5.7.1", "", { "dependencies": { "base64-js": "^1.3.1", "ieee754": "^1.1.13" } }, "sha512-EHcyIPBQ4BSGlvjB16k5KgAJ27CIsHY/2JBmCRReo48y9rQ3MaUzWX3KVlBa4U7MyX02HdVj0K7C3WaB3ju7FQ=="],

    "bun-types": ["bun-types@1.3.11", "", { "dependencies": { "@types/node": "*" } }, "sha512-1KGPpoxQWl9f6wcZh57LvrPIInQMn2TQ7jsgxqpRzg+l0QPOFvJVH7HmvHo/AiPgwXy+/Thf6Ov3EdVn1vOabg=="],

    "canvas": ["canvas@3.2.3", "", { "dependencies": { "node-addon-api": "^7.0.0", "prebuild-install": "^7.1.3" } }, "sha512-PzE5nJZPz72YUAfo8oTp0u3fqqY7IzlTubneAihqDYAUcBk7ryeCmBbdJBEdaH0bptSOe2VT2Zwcb3UaFyaSWw=="],

    "chart.js": ["chart.js@4.5.1", "", { "dependencies": { "@kurkle/color": "^0.3.0" } }, "sha512-GIjfiT9dbmHRiYi6Nl2yFCq7kkwdkp1W/lp2J99rX0yo9tgJGn3lKQATztIjb5tVtevcBtIdICNWqlq5+E8/Pw=="],

    "chartjs-node-canvas": ["chartjs-node-canvas@5.0.0", "", { "dependencies": { "canvas": "^3.1.0", "tslib": "^2.8.1" }, "peerDependencies": { "chart.js": "^4.4.8" } }, "sha512-+Lc5phRWjb+UxAIiQpKgvOaG6Mw276YQx2jl2BrxoUtI3A4RYTZuGM5Dq+s4ReYmCY42WEPSR6viF3lDSTxpvw=="],

    "chownr": ["chownr@1.1.4", "", {}, "sha512-jJ0bqzaylmJtVnNgzTeSOs8DPavpbYgEr/b0YL8/2GO3xJEhInFmhKMUnEJQjZumK7KXGFhUy89PrsJWlakBVg=="],

    "decompress-response": ["decompress-response@6.0.0", "", { "dependencies": { "mimic-response": "^3.1.0" } }, "sha512-aW35yZM6Bb/4oJlZncMH2LCoZtJXTRxES17vE3hoRiowU2kWHaJKFkSBDnDR+cm9J+9QhXmREyIfv0pji9ejCQ=="],

    "deep-extend": ["deep-extend@0.6.0", "", {}, "sha512-LOHxIOaPYdHlJRtCQfDIVZtfw/ufM8+rVj649RIHzcm/vGwQRXFt6OPqIFWsm2XEMrNIEtWR64sY1LEKD2vAOA=="],

    "detect-libc": ["detect-libc@2.1.2", "", {}, "sha512-Btj2BOOO83o3WyH59e8MgXsxEQVcarkUOpEYrubB0urwnN10yQ364rsiByU11nZlqWYZm05i/of7io4mzihBtQ=="],

    "end-of-stream": ["end-of-stream@1.4.5", "", { "dependencies": { "once": "^1.4.0" } }, "sha512-ooEGc6HP26xXq/N+GCGOT0JKCLDGrq2bQUZrQ7gyrJiZANJ/8YDTxTpQBXGMn+WbIQXNVpyWymm7KYVICQnyOg=="],

    "expand-template": ["expand-template@2.0.3", "", {}, "sha512-XYfuKMvj4O35f/pOXLObndIRvyQ+/+6AhODh+OKWj9S9498pHHn/IMszH+gt0fBCRWMNfk1ZSp5x3AifmnI2vg=="],

    "fs-constants": ["fs-constants@1.0.0", "", {}, "sha512-y6OAwoSIf7FyjMIv94u+b5rdheZEjzR63GTyZJm5qh4Bi+2YgwLCcI/fPFZkL5PSixOt6ZNKm+w+Hfp/Bciwow=="],

    "github-from-package": ["github-from-package@0.0.0", "", {}, "sha512-SyHy3T1v2NUXn29OsWdxmK6RwHD+vkj3v8en8AOBZ1wBQ/hCAQ5bAQTD02kW4W9tUp/3Qh6J8r9EvntiyCmOOw=="],

    "hermes-estree": ["hermes-estree@0.34.0", "", {}, "sha512-6qLylexjmuKa/YYhMiNn/3VejBsdzwmYUGmNpc693/pJzymmbufhkRW/2K6GqFgu0ApRWoqF0NbM6u82jFcOXA=="],

    "hermes-parser": ["hermes-parser@0.34.0", "", { "dependencies": { "hermes-estree": "0.34.0" } }, "sha512-tcgan5UNZvu3WwmR3jDAlmwEAR2CMv8cwQVMe5j0NrLQkstf0l3ULbYPuTZWbXxbPa0PyZPiq5LYEcFVmhM9LQ=="],

    "ieee754": ["ieee754@1.2.1", "", {}, "sha512-dcyqhDvX1C46lXZcVqCpK+FtMRQVdIMN6/Df5js2zouUsqG7I6sFxitIC+7KYK29KdXOLHdu9zL4sFnoVQnqaA=="],

    "inherits": ["inherits@2.0.4", "", {}, "sha512-k/vGaX4/Yla3WzyMCvTQOXYeIHvqOKtnqBduzTHpzpQZzAskKMhZ2K+EnBiSM9zGSoIFeMpXKxa4dYeZIQqewQ=="],

    "ini": ["ini@1.3.8", "", {}, "sha512-JV/yugV2uzW5iMRSiZAyDtQd+nxtUnjeLt0acNdw98kKLrvuRVyB80tsREOE7yvGVgalhZ6RNXCmEHkUKBKxew=="],

    "mimic-response": ["mimic-response@3.1.0", "", {}, "sha512-z0yWI+4FDrrweS8Zmt4Ej5HdJmky15+L2e6Wgn3+iK5fWzb6T3fhNFq2+MeTRb064c6Wr4N/wv0DzQTjNzHNGQ=="],

    "minimist": ["minimist@1.2.8", "", {}, "sha512-2yyAR8qBkN3YuheJanUpWC5U3bb5osDywNB8RzDVlDwDHbocAJveqqj1u8+SVD7jkWT4yvsHCpWqqWqAxb0zCA=="],

    "mkdirp-classic": ["mkdirp-classic@0.5.3", "", {}, "sha512-gKLcREMhtuZRwRAfqP3RFW+TK4JqApVBtOIftVgjuABpAtpxhPGaDcfvbhNvD0B8iD1oUr/txX35NjcaY6Ns/A=="],

    "napi-build-utils": ["napi-build-utils@2.0.0", "", {}, "sha512-GEbrYkbfF7MoNaoh2iGG84Mnf/WZfB0GdGEsM8wz7Expx/LlWf5U8t9nvJKXSp3qr5IsEbK04cBGhol/KwOsWA=="],

    "node-abi": ["node-abi@3.89.0", "", { "dependencies": { "semver": "^7.3.5" } }, "sha512-6u9UwL0HlAl21+agMN3YAMXcKByMqwGx+pq+P76vii5f7hTPtKDp08/H9py6DY+cfDw7kQNTGEj/rly3IgbNQA=="],

    "node-addon-api": ["node-addon-api@7.1.1", "", {}, "sha512-5m3bsyrjFWE1xf7nz7YXdN4udnVtXK6/Yfgn5qnahL6bCkf2yKt4k3nuTKAtT4r3IG8JNR2ncsIMdZuAzJjHQQ=="],

    "once": ["once@1.4.0", "", { "dependencies": { "wrappy": "1" } }, "sha512-lNaJgI+2Q5URQBkccEKHTQOPaXdUxnZZElQTZY0MFUAuaEqe1E+Nyvgdz/aIyNi6Z9MzO5dv1H8n58/GELp3+w=="],

    "oxc-parser": ["oxc-parser@0.124.0", "", { "dependencies": { "@oxc-project/types": "^0.124.0" }, "optionalDependencies": { "@oxc-parser/binding-android-arm-eabi": "0.124.0", "@oxc-parser/binding-android-arm64": "0.124.0", "@oxc-parser/binding-darwin-arm64": "0.124.0", "@oxc-parser/binding-darwin-x64": "0.124.0", "@oxc-parser/binding-freebsd-x64": "0.124.0", "@oxc-parser/binding-linux-arm-gnueabihf": "0.124.0", "@oxc-parser/binding-linux-arm-musleabihf": "0.124.0", "@oxc-parser/binding-linux-arm64-gnu": "0.124.0", "@oxc-parser/binding-linux-arm64-musl": "0.124.0", "@oxc-parser/binding-linux-ppc64-gnu": "0.124.0", "@oxc-parser/binding-linux-riscv64-gnu": "0.124.0", "@oxc-parser/binding-linux-riscv64-musl": "0.124.0", "@oxc-parser/binding-linux-s390x-gnu": "0.124.0", "@oxc-parser/binding-linux-x64-gnu": "0.124.0", "@oxc-parser/binding-linux-x64-musl": "0.124.0", "@oxc-parser/binding-openharmony-arm64": "0.124.0", "@oxc-parser/binding-wasm32-wasi": "0.124.0", "@oxc-parser/binding-win32-arm64-msvc": "0.124.0", "@oxc-parser/binding-win32-ia32-msvc": "0.124.0", "@oxc-parser/binding-win32-x64-msvc": "0.124.0" } }, "sha512-h07SFj/tp2U3cf3+LFX6MmOguQiM9ahwpGs0ZK5CGhgL8p4kk24etrJKsEzhXAvo7mfvoKTZooZ5MLKAPRmJ1g=="],

    "prebuild-install": ["prebuild-install@7.1.3", "", { "dependencies": { "detect-libc": "^2.0.0", "expand-template": "^2.0.3", "github-from-package": "0.0.0", "minimist": "^1.2.3", "mkdirp-classic": "^0.5.3", "napi-build-utils": "^2.0.0", "node-abi": "^3.3.0", "pump": "^3.0.0", "rc": "^1.2.7", "simple-get": "^4.0.0", "tar-fs": "^2.0.0", "tunnel-agent": "^0.6.0" }, "bin": { "prebuild-install": "bin.js" } }, "sha512-8Mf2cbV7x1cXPUILADGI3wuhfqWvtiLA1iclTDbFRZkgRQS0NqsPZphna9V+HyTEadheuPmjaJMsbzKQFOzLug=="],

    "pump": ["pump@3.0.4", "", { "dependencies": { "end-of-stream": "^1.1.0", "once": "^1.3.1" } }, "sha512-VS7sjc6KR7e1ukRFhQSY5LM2uBWAUPiOPa/A3mkKmiMwSmRFUITt0xuj+/lesgnCv+dPIEYlkzrcyXgquIHMcA=="],

    "rc": ["rc@1.2.8", "", { "dependencies": { "deep-extend": "^0.6.0", "ini": "~1.3.0", "minimist": "^1.2.0", "strip-json-comments": "~2.0.1" }, "bin": { "rc": "./cli.js" } }, "sha512-y3bGgqKj3QBdxLbLkomlohkvsA8gdAiUQlSBJnBhfn+BPxg4bc62d8TcBW15wavDfgexCgccckhcZvywyQYPOw=="],

    "readable-stream": ["readable-stream@3.6.2", "", { "dependencies": { "inherits": "^2.0.3", "string_decoder": "^1.1.1", "util-deprecate": "^1.0.1" } }, "sha512-9u/sniCrY3D5WdsERHzHE4G2YCXqoG5FTHUiCC4SIbr6XcLZBY05ya9EKjYek9O5xOAwjGq+1JdGBAS7Q9ScoA=="],

    "safe-buffer": ["safe-buffer@5.2.1", "", {}, "sha512-rp3So07KcdmmKbGvgaNxQSJr7bGVSVk5S9Eq1F+ppbRo70+YeaDxkw5Dd8NPN+GD6bjnYm2VuPuCXmpuYvmCXQ=="],

    "semver": ["semver@7.7.4", "", { "bin": { "semver": "bin/semver.js" } }, "sha512-vFKC2IEtQnVhpT78h1Yp8wzwrf8CM+MzKMHGJZfBtzhZNycRFnXsHk6E5TxIkkMsgNS7mdX3AGB7x2QM2di4lA=="],

    "simple-concat": ["simple-concat@1.0.1", "", {}, "sha512-cSFtAPtRhljv69IK0hTVZQ+OfE9nePi/rtJmw5UjHeVyVroEqJXP1sFztKUy1qU+xvz3u/sfYJLa947b7nAN2Q=="],

    "simple-get": ["simple-get@4.0.1", "", { "dependencies": { "decompress-response": "^6.0.0", "once": "^1.3.1", "simple-concat": "^1.0.0" } }, "sha512-brv7p5WgH0jmQJr1ZDDfKDOSeWWg+OVypG99A/5vYGPqJ6pxiaHLy8nxtFjBA7oMa01ebA9gfh1uMCFqOuXxvA=="],

    "string_decoder": ["string_decoder@1.3.0", "", { "dependencies": { "safe-buffer": "~5.2.0" } }, "sha512-hkRX8U1WjJFd8LsDJ2yQ/wWWxaopEsABU1XfkM8A+j0+85JAGppt16cr1Whg6KIbb4okU6Mql6BOj+uup/wKeA=="],

    "strip-json-comments": ["strip-json-comments@2.0.1", "", {}, "sha512-4gB8na07fecVVkOI6Rs4e7T6NOTki5EmL7TUduTs6bu3EdnSycntVJ4re8kgZA+wx9IueI2Y11bfbgwtzuE0KQ=="],

    "tar-fs": ["tar-fs@2.1.4", "", { "dependencies": { "chownr": "^1.1.1", "mkdirp-classic": "^0.5.2", "pump": "^3.0.0", "tar-stream": "^2.1.4" } }, "sha512-mDAjwmZdh7LTT6pNleZ05Yt65HC3E+NiQzl672vQG38jIrehtJk/J3mNwIg+vShQPcLF/LV7CMnDW6vjj6sfYQ=="],

    "tar-stream": ["tar-stream@2.2.0", "", { "dependencies": { "bl": "^4.0.3", "end-of-stream": "^1.4.1", "fs-constants": "^1.0.0", "inherits": "^2.0.3", "readable-stream": "^3.1.1" } }, "sha512-ujeqbceABgwMZxEJnk2HDY2DlnUZ+9oEcb1KzTVfYHio0UE6dG71n60d8D2I4qNvleWrrXpmjpt7vZeF1LnMZQ=="],

    "tinybench": ["tinybench@6.0.0", "", {}, "sha512-BWlWpVbbZXaYjRV0twGLNQO00Zj4HA/sjLOQP2IvzQqGwRGp+2kh7UU3ijyJ3ywFRogYDRbiHDMrUOfaMnN56g=="],

    "tslib": ["tslib@2.8.1", "", {}, "sha512-oJFu94HQb+KVduSUQL7wnpmqnfmLsOA/nAh6b6EH0wCEoK0/mPeXU6c3wKDV83MkOuHPRHtSXKKU99IBazS/2w=="],

    "tunnel-agent": ["tunnel-agent@0.6.0", "", { "dependencies": { "safe-buffer": "^5.0.1" } }, "sha512-McnNiV1l8RYeY8tBgEpuodCC1mLUdbSN+CYBL7kJsJNInOP8UjDDEwdk6Mw60vdLLrr5NHKZhMAOSrR2NZuQ+w=="],

    "typescript": ["typescript@5.9.3", "", { "bin": { "tsc": "bin/tsc", "tsserver": "bin/tsserver" } }, "sha512-jl1vZzPDinLr9eUt3J/t7V6FgNEw9QjvBPdysz9KfQDD41fQrC2Y4vKQdiaUpFT4bXlb1RHhLpp8wtm6M5TgSw=="],

    "undici-types": ["undici-types@7.18.2", "", {}, "sha512-AsuCzffGHJybSaRrmr5eHr81mwJU3kjw6M+uprWvCXiNeN9SOGwQ3Jn8jb8m3Z6izVgknn1R0FTCEAP2QrLY/w=="],

    "util-deprecate": ["util-deprecate@1.0.2", "", {}, "sha512-EPD5q1uXyFxJpCrLnCc1nHnq3gOa6DZBocAIiI2TaSCA7VCJ1UJDMagCzIkXNsUYfD1daK//LTEQ8xiIbrHtcw=="],

    "wrappy": ["wrappy@1.0.2", "", {}, "sha512-l4Sp/DRseor9wL6EvV2+TuQn63dMkPjZ/sp9XkghTEbV9KlPS1xUsZ3u7/IQO4wxtcFB4bgpQPRcR3QCvezPcQ=="],

    "yuku-parser": ["yuku-parser@0.4.1", "", { "optionalDependencies": { "@yuku-parser/binding-darwin-arm64": "0.4.1", "@yuku-parser/binding-darwin-x64": "0.4.1", "@yuku-parser/binding-freebsd-x64": "0.4.1", "@yuku-parser/binding-linux-arm-gnu": "0.4.1", "@yuku-parser/binding-linux-arm-musl": "0.4.1", "@yuku-parser/binding-linux-arm64-gnu": "0.4.1", "@yuku-parser/binding-linux-arm64-musl": "0.4.1", "@yuku-parser/binding-linux-x64-gnu": "0.4.1", "@yuku-parser/binding-linux-x64-musl": "0.4.1", "@yuku-parser/binding-win32-arm64": "0.4.1", "@yuku-parser/binding-win32-x64": "0.4.1" } }, "sha512-OgWuJct8uHSsJQb5I+YW7gaXxTaP7Y3MFxDb+lSQ1rCl8ColetQUythJQ6dGT1gtd6f3XQActs51vB7HhiqNgw=="],
  }
}
